
Microsoft Visual Studio Solution File, Format Version 12.00
# Visual Studio Version 17
VisualStudioVersion = 17.9.34701.34
MinimumVisualStudioVersion = 10.0.40219.1
Project("{FAE04EC0-301F-11D3-BF4B-00C04F79EFBC}") = "PrimeiraCrudMVC", "PrimeiraCrudMVC.csproj", "{2CD5B036-B896-49EF-AEEE-6834B8FB3880}"
EndProject
Global
	GlobalSection(SolutionConfigurationPlatforms) = preSolution
		Debug|Any CPU = Debug|Any CPU
		Release|Any CPU = Release|Any CPU
	EndGlobalSection
	GlobalSection(ProjectConfigurationPlatforms) = postSolution
		{2CD5B036-B896-49EF-AEEE-6834B8FB3880}.Debug|Any CPU.ActiveCfg = Debug|Any CPU
		{2CD5B036-B896-49EF-AEEE-6834B8FB3880}.Debug|Any CPU.Build.0 = Debug|Any CPU
		{2CD5B036-B896-49EF-AEEE-6834B8FB3880}.Release|Any CPU.ActiveCfg = Release|Any CPU
		{2CD5B036-B896-49EF-AEEE-6834B8FB3880}.Release|Any CPU.Build.0 = Release|Any CPU
	EndGlobalSection
	GlobalSection(SolutionProperties) = preSolution
		HideSolutionNode = FALSE
	EndGlobalSection
	GlobalSection(ExtensibilityGlobals) = postSolution
		SolutionGuid = {0216DB6C-34B2-4DB5-8D75-55CC19B18B24}
	EndGlobalSection
EndGlobal
